
Microsoft Visual Studio Solution File, Format Version 12.00
# Visual Studio 15
VisualStudioVersion = 15.0.27004.2002
MinimumVisualStudioVersion = 10.0.40219.1
Project("{FAE04EC0-301F-11D3-BF4B-00C04F79EFBC}") = "HelloWorld", "HelloWorld\HelloWorld.csproj", "{30C5C3E7-763A-41F4-A448-E50F9BCC9F2A}"
EndProject
Project("{FAE04EC0-301F-11D3-BF4B-00C04F79EFBC}") = "IAmDeividMladenov", "IAmDeividMladenov\IAmDeividMladenov.csproj", "{8F89EFCB-48AC-441D-8B21-74E8003114C5}"
EndProject
Project("{FAE04EC0-301F-11D3-BF4B-00C04F79EFBC}") = "MathClassExamples", "MathClassExamples\MathClassExamples.csproj", "{E7C9D7B5-65C4-4A75-A94F-824C9552D5D0}"
EndProject
Project("{FAE04EC0-301F-11D3-BF4B-00C04F79EFBC}") = "CompanyInfo", "CompanyInfo\CompanyInfo.csproj", "{0EF58D0B-B2ED-4A80-89D9-E7FBCCD3D9F3}"
EndProject
Project("{FAE04EC0-301F-11D3-BF4B-00C04F79EFBC}") = "4thDigit", "4thDigit\4thDigit.csproj", "{09B44886-89F1-4F2E-B578-6745DB05D87A}"
EndProject
Project("{FAE04EC0-301F-11D3-BF4B-00C04F79EFBC}") = "TimeNeedToTravelToTheSun", "TimeNeedToTravelToTheSun\TimeNeedToTravelToTheSun.csproj", "{2C6D7B0E-2D4A-448B-87B1-26877F1BD194}"
EndProject
Project("{FAE04EC0-301F-11D3-BF4B-00C04F79EFBC}") = "WeightOnDifferentPlanets", "WeightOnDifferentPlanets\WeightOnDifferentPlanets.csproj", "{EDB7854C-F8B2-4131-BA39-1021A571EE9F}"
EndProject
Project("{FAE04EC0-301F-11D3-BF4B-00C04F79EFBC}") = "WorkingWithSomeIntegers", "WorkingWithSomeIntegers\WorkingWithSomeIntegers.csproj", "{DF29121A-C8F9-4089-B448-4D489E229726}"
EndProject
Project("{FAE04EC0-301F-11D3-BF4B-00C04F79EFBC}") = "WorkingWithSomeLetters", "WorkingWithSomeLetters\WorkingWithSomeLetters.csproj", "{18BC685E-83AB-484B-95AD-1C68A69F01C0}"
EndProject
Project("{FAE04EC0-301F-11D3-BF4B-00C04F79EFBC}") = "SimpleDeckOfCards", "SimpleDeckOfCards\SimpleDeckOfCards.csproj", "{A48ABEBB-3C23-457F-8A64-97BE8831B308}"
EndProject
Project("{FAE04EC0-301F-11D3-BF4B-00C04F79EFBC}") = "LotaryWinningCombinationsCounter", "LotaryWinningCombinationsCounter\LotaryWinningCombinationsCounter.csproj", "{096BF120-ED9B-4251-863D-6995DF285CBA}"
EndProject
Project("{FAE04EC0-301F-11D3-BF4B-00C04F79EFBC}") = "BusTicketLuckyNumber", "BusTicketLuckyNumber\BusTicketLuckyNumber.csproj", "{014F7416-9FD1-4D6D-B8E2-0D4A11F30B80}"
EndProject
Project("{FAE04EC0-301F-11D3-BF4B-00C04F79EFBC}") = "AdditionSomeNumbersInDiapason", "AdditionSomeNumbersInDiapason\AdditionSomeNumbersInDiapason.csproj", "{13819788-7E80-4DB7-8812-2FC2FE4972CA}"
EndProject
Project("{FAE04EC0-301F-11D3-BF4B-00C04F79EFBC}") = "CodeSnippetsAndShortcuts", "CodeSnippetsAndShortcuts\CodeSnippetsAndShortcuts.csproj", "{392973E3-5E6A-4900-BA16-98CB2D089837}"
EndProject
Project("{FAE04EC0-301F-11D3-BF4B-00C04F79EFBC}") = "GetMax", "GetMax\GetMax.csproj", "{784D70D8-DE9E-40B1-9229-4B65AAB571A9}"
EndProject
Project("{FAE04EC0-301F-11D3-BF4B-00C04F79EFBC}") = "ArraysAndMehods", "ArraysAndMehods\ArraysAndMehods.csproj", "{2DC83EF6-113E-463D-8316-AC0237DFD53A}"
EndProject
Project("{FAE04EC0-301F-11D3-BF4B-00C04F79EFBC}") = "ChangingStrings", "ChangingStrings\ChangingStrings.csproj", "{F4CF65DB-0423-4C6E-BEDC-84C1D6FA19BA}"
EndProject
Global
	GlobalSection(SolutionConfigurationPlatforms) = preSolution
		Debug|Any CPU = Debug|Any CPU
		Release|Any CPU = Release|Any CPU
	EndGlobalSection
	GlobalSection(ProjectConfigurationPlatforms) = postSolution
		{30C5C3E7-763A-41F4-A448-E50F9BCC9F2A}.Debug|Any CPU.ActiveCfg = Debug|Any CPU
		{30C5C3E7-763A-41F4-A448-E50F9BCC9F2A}.Debug|Any CPU.Build.0 = Debug|Any CPU
		{30C5C3E7-763A-41F4-A448-E50F9BCC9F2A}.Release|Any CPU.ActiveCfg = Release|Any CPU
		{30C5C3E7-763A-41F4-A448-E50F9BCC9F2A}.Release|Any CPU.Build.0 = Release|Any CPU
		{8F89EFCB-48AC-441D-8B21-74E8003114C5}.Debug|Any CPU.ActiveCfg = Debug|Any CPU
		{8F89EFCB-48AC-441D-8B21-74E8003114C5}.Debug|Any CPU.Build.0 = Debug|Any CPU
		{8F89EFCB-48AC-441D-8B21-74E8003114C5}.Release|Any CPU.ActiveCfg = Release|Any CPU
		{8F89EFCB-48AC-441D-8B21-74E8003114C5}.Release|Any CPU.Build.0 = Release|Any CPU
		{E7C9D7B5-65C4-4A75-A94F-824C9552D5D0}.Debug|Any CPU.ActiveCfg = Debug|Any CPU
		{E7C9D7B5-65C4-4A75-A94F-824C9552D5D0}.Debug|Any CPU.Build.0 = Debug|Any CPU
		{E7C9D7B5-65C4-4A75-A94F-824C9552D5D0}.Release|Any CPU.ActiveCfg = Release|Any CPU
		{E7C9D7B5-65C4-4A75-A94F-824C9552D5D0}.Release|Any CPU.Build.0 = Release|Any CPU
		{0EF58D0B-B2ED-4A80-89D9-E7FBCCD3D9F3}.Debug|Any CPU.ActiveCfg = Debug|Any CPU
		{0EF58D0B-B2ED-4A80-89D9-E7FBCCD3D9F3}.Debug|Any CPU.Build.0 = Debug|Any CPU
		{0EF58D0B-B2ED-4A80-89D9-E7FBCCD3D9F3}.Release|Any CPU.ActiveCfg = Release|Any CPU
		{0EF58D0B-B2ED-4A80-89D9-E7FBCCD3D9F3}.Release|Any CPU.Build.0 = Release|Any CPU
		{09B44886-89F1-4F2E-B578-6745DB05D87A}.Debug|Any CPU.ActiveCfg = Debug|Any CPU
		{09B44886-89F1-4F2E-B578-6745DB05D87A}.Debug|Any CPU.Build.0 = Debug|Any CPU
		{09B44886-89F1-4F2E-B578-6745DB05D87A}.Release|Any CPU.ActiveCfg = Release|Any CPU
		{09B44886-89F1-4F2E-B578-6745DB05D87A}.Release|Any CPU.Build.0 = Release|Any CPU
		{2C6D7B0E-2D4A-448B-87B1-26877F1BD194}.Debug|Any CPU.ActiveCfg = Debug|Any CPU
		{2C6D7B0E-2D4A-448B-87B1-26877F1BD194}.Debug|Any CPU.Build.0 = Debug|Any CPU
		{2C6D7B0E-2D4A-448B-87B1-26877F1BD194}.Release|Any CPU.ActiveCfg = Release|Any CPU
		{2C6D7B0E-2D4A-448B-87B1-26877F1BD194}.Release|Any CPU.Build.0 = Release|Any CPU
		{EDB7854C-F8B2-4131-BA39-1021A571EE9F}.Debug|Any CPU.ActiveCfg = Debug|Any CPU
		{EDB7854C-F8B2-4131-BA39-1021A571EE9F}.Debug|Any CPU.Build.0 = Debug|Any CPU
		{EDB7854C-F8B2-4131-BA39-1021A571EE9F}.Release|Any CPU.ActiveCfg = Release|Any CPU
		{EDB7854C-F8B2-4131-BA39-1021A571EE9F}.Release|Any CPU.Build.0 = Release|Any CPU
		{DF29121A-C8F9-4089-B448-4D489E229726}.Debug|Any CPU.ActiveCfg = Debug|Any CPU
		{DF29121A-C8F9-4089-B448-4D489E229726}.Debug|Any CPU.Build.0 = Debug|Any CPU
		{DF29121A-C8F9-4089-B448-4D489E229726}.Release|Any CPU.ActiveCfg = Release|Any CPU
		{DF29121A-C8F9-4089-B448-4D489E229726}.Release|Any CPU.Build.0 = Release|Any CPU
		{18BC685E-83AB-484B-95AD-1C68A69F01C0}.Debug|Any CPU.ActiveCfg = Debug|Any CPU
		{18BC685E-83AB-484B-95AD-1C68A69F01C0}.Debug|Any CPU.Build.0 = Debug|Any CPU
		{18BC685E-83AB-484B-95AD-1C68A69F01C0}.Release|Any CPU.ActiveCfg = Release|Any CPU
		{18BC685E-83AB-484B-95AD-1C68A69F01C0}.Release|Any CPU.Build.0 = Release|Any CPU
		{A48ABEBB-3C23-457F-8A64-97BE8831B308}.Debug|Any CPU.ActiveCfg = Debug|Any CPU
		{A48ABEBB-3C23-457F-8A64-97BE8831B308}.Debug|Any CPU.Build.0 = Debug|Any CPU
		{A48ABEBB-3C23-457F-8A64-97BE8831B308}.Release|Any CPU.ActiveCfg = Release|Any CPU
		{A48ABEBB-3C23-457F-8A64-97BE8831B308}.Release|Any CPU.Build.0 = Release|Any CPU
		{096BF120-ED9B-4251-863D-6995DF285CBA}.Debug|Any CPU.ActiveCfg = Debug|Any CPU
		{096BF120-ED9B-4251-863D-6995DF285CBA}.Debug|Any CPU.Build.0 = Debug|Any CPU
		{096BF120-ED9B-4251-863D-6995DF285CBA}.Release|Any CPU.ActiveCfg = Release|Any CPU
		{096BF120-ED9B-4251-863D-6995DF285CBA}.Release|Any CPU.Build.0 = Release|Any CPU
		{014F7416-9FD1-4D6D-B8E2-0D4A11F30B80}.Debug|Any CPU.ActiveCfg = Debug|Any CPU
		{014F7416-9FD1-4D6D-B8E2-0D4A11F30B80}.Debug|Any CPU.Build.0 = Debug|Any CPU
		{014F7416-9FD1-4D6D-B8E2-0D4A11F30B80}.Release|Any CPU.ActiveCfg = Release|Any CPU
		{014F7416-9FD1-4D6D-B8E2-0D4A11F30B80}.Release|Any CPU.Build.0 = Release|Any CPU
		{13819788-7E80-4DB7-8812-2FC2FE4972CA}.Debug|Any CPU.ActiveCfg = Debug|Any CPU
		{13819788-7E80-4DB7-8812-2FC2FE4972CA}.Debug|Any CPU.Build.0 = Debug|Any CPU
		{13819788-7E80-4DB7-8812-2FC2FE4972CA}.Release|Any CPU.ActiveCfg = Release|Any CPU
		{13819788-7E80-4DB7-8812-2FC2FE4972CA}.Release|Any CPU.Build.0 = Release|Any CPU
		{392973E3-5E6A-4900-BA16-98CB2D089837}.Debug|Any CPU.ActiveCfg = Debug|Any CPU
		{392973E3-5E6A-4900-BA16-98CB2D089837}.Debug|Any CPU.Build.0 = Debug|Any CPU
		{392973E3-5E6A-4900-BA16-98CB2D089837}.Release|Any CPU.ActiveCfg = Release|Any CPU
		{392973E3-5E6A-4900-BA16-98CB2D089837}.Release|Any CPU.Build.0 = Release|Any CPU
		{784D70D8-DE9E-40B1-9229-4B65AAB571A9}.Debug|Any CPU.ActiveCfg = Debug|Any CPU
		{784D70D8-DE9E-40B1-9229-4B65AAB571A9}.Debug|Any CPU.Build.0 = Debug|Any CPU
		{784D70D8-DE9E-40B1-9229-4B65AAB571A9}.Release|Any CPU.ActiveCfg = Release|Any CPU
		{784D70D8-DE9E-40B1-9229-4B65AAB571A9}.Release|Any CPU.Build.0 = Release|Any CPU
		{2DC83EF6-113E-463D-8316-AC0237DFD53A}.Debug|Any CPU.ActiveCfg = Debug|Any CPU
		{2DC83EF6-113E-463D-8316-AC0237DFD53A}.Debug|Any CPU.Build.0 = Debug|Any CPU
		{2DC83EF6-113E-463D-8316-AC0237DFD53A}.Release|Any CPU.ActiveCfg = Release|Any CPU
		{2DC83EF6-113E-463D-8316-AC0237DFD53A}.Release|Any CPU.Build.0 = Release|Any CPU
		{F4CF65DB-0423-4C6E-BEDC-84C1D6FA19BA}.Debug|Any CPU.ActiveCfg = Debug|Any CPU
		{F4CF65DB-0423-4C6E-BEDC-84C1D6FA19BA}.Debug|Any CPU.Build.0 = Debug|Any CPU
		{F4CF65DB-0423-4C6E-BEDC-84C1D6FA19BA}.Release|Any CPU.ActiveCfg = Release|Any CPU
		{F4CF65DB-0423-4C6E-BEDC-84C1D6FA19BA}.Release|Any CPU.Build.0 = Release|Any CPU
	EndGlobalSection
	GlobalSection(SolutionProperties) = preSolution
		HideSolutionNode = FALSE
	EndGlobalSection
	GlobalSection(ExtensibilityGlobals) = postSolution
		SolutionGuid = {395972B3-5538-4868-A283-030B04F86E63}
	EndGlobalSection
EndGlobal
